{
  "version": 1,
  "dependencies": {
    "net8.0-windows7.0": {
      "DalamudPackager": {
        "type": "Direct",
        "requested": "[11.0.0, )",
        "resolved": "11.0.0",
        "contentHash": "bjT7XUlhIJSmsE/O76b7weUX+evvGQctbQB8aKXt94o+oPWxHpCepxAGMs7Thow3AzCyqWs7cOpp9/2wcgRRQA=="
      },
      "HtmlAgilityPack": {
        "type": "Direct",
        "requested": "[1.11.65, )",
        "resolved": "1.11.65",
        "contentHash": "Skse4MVlRcHHyP88x+v/uQrMxTPaBIwQodiQ/y59jxs8vHlqTR5M3jt5Wk+csYFnR4rX6I4ndqDji2M8p9kAzw=="
      },
      "SharpCompress": {
        "type": "Direct",
        "requested": "[0.38.0, )",
        "resolved": "0.38.0",
        "contentHash": "8i6KqjAFI3mvya8W8rnQrf5h4vz6ilw4zqk2AzInVqqqZ25TD6fmVeYBnlisjTWwP26eltZc0buSmJ8a3YIGxg==",
        "dependencies": {
          "ZstdSharp.Port": "0.8.1"
        }
      },
      "System.Drawing.Common": {
        "type": "Direct",
        "requested": "[8.0.8, )",
        "resolved": "8.0.8",
        "contentHash": "4ZM1wvLjz9nVVExsfPAaSl/qOvU+QNedJL5rQ+2Wbow+iGeyO0e7XN07707rMBgaffEeeLrCZBwC0oHUuvRdPw==",
        "dependencies": {
          "Microsoft.Win32.SystemEvents": "8.0.0"
        }
      },
      "Microsoft.Win32.SystemEvents": {
        "type": "Transitive",
        "resolved": "8.0.0",
        "contentHash": "9opKRyOKMCi2xJ7Bj7kxtZ1r9vbzosMvRrdEhVhDz8j8MoBGgB+WmC94yH839NPH+BclAjtQ/pyagvi/8gDLkw=="
      },
      "ZstdSharp.Port": {
        "type": "Transitive",
        "resolved": "0.8.1",
        "contentHash": "19tNz33kn2EkyViFXuxfVn338UJaRmkwBphVqP2dVJIYQUQgFrgG5h061mxkRRg1Ax6r+6WOj1FxaFZ5qaWqqg=="
      },
      "penumbra.api": {
        "type": "Project"
      }
    }
  }
}